
Microsoft Visual Studio Solution File, Format Version 12.00
# Visual Studio Version 17
VisualStudioVersion = 17.2.32516.85
MinimumVisualStudioVersion = 10.0.40219.1
Project("{FAE04EC0-301F-11D3-BF4B-00C04F79EFBC}") = "TodoneAPI", "TodoneAPI.csproj", "{90C714A4-4702-4550-965B-B22A7FACDF6D}"
EndProject
Global
	GlobalSection(SolutionConfigurationPlatforms) = preSolution
		Debug|Any CPU = Debug|Any CPU
		Release|Any CPU = Release|Any CPU
	EndGlobalSection
	GlobalSection(ProjectConfigurationPlatforms) = postSolution
		{90C714A4-4702-4550-965B-B22A7FACDF6D}.Debug|Any CPU.ActiveCfg = Debug|Any CPU
		{90C714A4-4702-4550-965B-B22A7FACDF6D}.Debug|Any CPU.Build.0 = Debug|Any CPU
		{90C714A4-4702-4550-965B-B22A7FACDF6D}.Release|Any CPU.ActiveCfg = Release|Any CPU
		{90C714A4-4702-4550-965B-B22A7FACDF6D}.Release|Any CPU.Build.0 = Release|Any CPU
	EndGlobalSection
	GlobalSection(SolutionProperties) = preSolution
		HideSolutionNode = FALSE
	EndGlobalSection
	GlobalSection(ExtensibilityGlobals) = postSolution
		SolutionGuid = {F0BF034A-7E84-4756-BEE5-B97D357E72CD}
	EndGlobalSection
EndGlobal
